
Microsoft Visual Studio Solution File, Format Version 12.00
# Visual Studio Version 17
VisualStudioVersion = 17.8.34525.116
MinimumVisualStudioVersion = 10.0.40219.1
Project("{FAE04EC0-301F-11D3-BF4B-00C04F79EFBC}") = "Operaciones-Conversiones", "Operaciones-Conversiones\Operaciones-Conversiones.csproj", "{C05A591A-132F-4446-9E4C-EF92EB9A0591}"
EndProject
Global
	GlobalSection(SolutionConfigurationPlatforms) = preSolution
		Debug|Any CPU = Debug|Any CPU
		Release|Any CPU = Release|Any CPU
	EndGlobalSection
	GlobalSection(ProjectConfigurationPlatforms) = postSolution
		{C05A591A-132F-4446-9E4C-EF92EB9A0591}.Debug|Any CPU.ActiveCfg = Debug|Any CPU
		{C05A591A-132F-4446-9E4C-EF92EB9A0591}.Debug|Any CPU.Build.0 = Debug|Any CPU
		{C05A591A-132F-4446-9E4C-EF92EB9A0591}.Release|Any CPU.ActiveCfg = Release|Any CPU
		{C05A591A-132F-4446-9E4C-EF92EB9A0591}.Release|Any CPU.Build.0 = Release|Any CPU
	EndGlobalSection
	GlobalSection(SolutionProperties) = preSolution
		HideSolutionNode = FALSE
	EndGlobalSection
	GlobalSection(ExtensibilityGlobals) = postSolution
		SolutionGuid = {97482F29-330D-4269-9757-4B962BAF8192}
	EndGlobalSection
EndGlobal
